// !$*UTF8*$!
{
	archiveVersion = 1;
	classes = {
	};
	objectVersion = 55;
	objects = {

/* Begin PBXAggregateTarget section */
		3064A34776444DE49627998E /* Bazel Build */ = {
			isa = PBXAggregateTarget;
			buildConfigurationList = 9EA7153333762DEA3558208C /* Build configuration list for PBXAggregateTarget "Bazel Build" */;
			buildPhases = (
				8B6377F4DA6FAE3ED76C177A /* Build */,
				64D3406EB908D4BD044C581E /* Copy Generated Files */,
				C977250D6EB972BF2FF38593 /* Fix Modulemaps */,
				700DDA896776846733B25577 /* Fix Info.plists */,
			);
			dependencies = (
			);
			name = "Bazel Build";
			productName = "Bazel Build";
		};
/* End PBXAggregateTarget section */

/* Begin PBXBuildFile section */
		29796EAB3AFB4F393E120401 /* ContentView.swift in Sources */ = {isa = PBXBuildFile; fileRef = DDD5A69CC7A6E820FCB0BDF0 /* ContentView.swift */; };
		5A49B1D4C59BE2C861DAB532 /* Foo.m in Sources */ = {isa = PBXBuildFile; fileRef = A728BC96D2EE56D3A20F5D75 /* Foo.m */; };
		5CD57837C530676B7378BBE7 /* TestingUtils.swift in Sources */ = {isa = PBXBuildFile; fileRef = 9BCE1CD271709A66363D778C /* TestingUtils.swift */; };
		855819BC320CBF015145F5A0 /* ExampleTests.swift in Sources */ = {isa = PBXBuildFile; fileRef = 0BE58C589847257693979C11 /* ExampleTests.swift */; };
		85B5A68B8EC0B82E556702F5 /* ExampleUITestsLaunchTests.swift in Sources */ = {isa = PBXBuildFile; fileRef = B582794DF84A93AA718FB7A0 /* ExampleUITestsLaunchTests.swift */; };
		8F3A3C507C4C7B3764C1C6DF /* Answers.m in Sources */ = {isa = PBXBuildFile; fileRef = AD316B4515635DE6DE64F1C1 /* Answers.m */; };
		A20F9915BC31FA63002163E7 /* ExampleObjcTests.m in Sources */ = {isa = PBXBuildFile; fileRef = A0B3DE95D17EDB4EEF586E35 /* ExampleObjcTests.m */; };
		A3ADDDD00B8798D8C12477BC /* Utils.bundle in Resources */ = {isa = PBXBuildFile; fileRef = 0D71BEB41FFFA97C5AAF35CE /* Utils.bundle */; };
		AE2C4E59A2F6A848808F8249 /* ExampleApp.swift in Sources */ = {isa = PBXBuildFile; fileRef = D699DE3520D61FDC19A909EF /* ExampleApp.swift */; };
		D318A1B20B60B1F886937BD6 /* ExampleFramework.framework in Frameworks */ = {isa = PBXBuildFile; fileRef = EFF54836943E040ACDFCB9FD /* ExampleFramework.framework */; };
		D33E63DEA2F545E4238A1DF8 /* ExampleUITests.swift in Sources */ = {isa = PBXBuildFile; fileRef = 3F6A7C1EE8BAE7058EFC5B0C /* ExampleUITests.swift */; };
		DB28C4EBC63A24E7071390F7 /* ExternalFramework.framework in Frameworks */ = {isa = PBXBuildFile; fileRef = BB838B5673B2D4DA9E2E52F0 /* ExternalFramework.framework */; };
/* End PBXBuildFile section */

/* Begin PBXContainerItemProxy section */
		03CF1F99C3E116A66D39DB7B /* PBXContainerItemProxy */ = {
			isa = PBXContainerItemProxy;
			containerPortal = 90B40B411875CA87718F15D6 /* Project object */;
			proxyType = 1;
			remoteGlobalIDString = EAB95A4512529D4CB8BE5D4E;
			remoteInfo = Example;
		};
		05F71069DEEAD35A2A289575 /* PBXContainerItemProxy */ = {
			isa = PBXContainerItemProxy;
			containerPortal = 90B40B411875CA87718F15D6 /* Project object */;
			proxyType = 1;
			remoteGlobalIDString = 3064A34776444DE49627998E;
			remoteInfo = "Bazel Generated Files";
		};
		078E6A97773B9731CAA6A183 /* PBXContainerItemProxy */ = {
			isa = PBXContainerItemProxy;
			containerPortal = 90B40B411875CA87718F15D6 /* Project object */;
			proxyType = 1;
			remoteGlobalIDString = EAB95A4512529D4CB8BE5D4E;
			remoteInfo = Example;
		};
		121C0F1755D40EF9E74DDC51 /* PBXContainerItemProxy */ = {
			isa = PBXContainerItemProxy;
			containerPortal = 90B40B411875CA87718F15D6 /* Project object */;
			proxyType = 1;
			remoteGlobalIDString = 3064A34776444DE49627998E;
			remoteInfo = "Bazel Generated Files";
		};
		1675381729F1B5E6B84FECCB /* PBXContainerItemProxy */ = {
			isa = PBXContainerItemProxy;
			containerPortal = 90B40B411875CA87718F15D6 /* Project object */;
			proxyType = 1;
			remoteGlobalIDString = 682FCD8AED9E378997DB28CB;
			remoteInfo = Utils;
		};
		17EEC780925E742F008C20DE /* PBXContainerItemProxy */ = {
			isa = PBXContainerItemProxy;
			containerPortal = 90B40B411875CA87718F15D6 /* Project object */;
			proxyType = 1;
			remoteGlobalIDString = 3064A34776444DE49627998E;
			remoteInfo = "Bazel Generated Files";
		};
		2221FA2FB6E417367EA947F0 /* PBXContainerItemProxy */ = {
			isa = PBXContainerItemProxy;
			containerPortal = 90B40B411875CA87718F15D6 /* Project object */;
			proxyType = 1;
			remoteGlobalIDString = 3064A34776444DE49627998E;
			remoteInfo = "Bazel Generated Files";
		};
		300AFE98821F10E2A85D648E /* PBXContainerItemProxy */ = {
			isa = PBXContainerItemProxy;
			containerPortal = 90B40B411875CA87718F15D6 /* Project object */;
			proxyType = 1;
			remoteGlobalIDString = 682FCD8AED9E378997DB28CB;
			remoteInfo = Utils;
		};
		3846663A93CA92FEEE314085 /* PBXContainerItemProxy */ = {
			isa = PBXContainerItemProxy;
			containerPortal = 90B40B411875CA87718F15D6 /* Project object */;
			proxyType = 1;
			remoteGlobalIDString = EAB95A4512529D4CB8BE5D4E;
			remoteInfo = Example;
		};
		539F59C52800A57200F5FBE2 /* PBXContainerItemProxy */ = {
			isa = PBXContainerItemProxy;
			containerPortal = 90B40B411875CA87718F15D6 /* Project object */;
			proxyType = 1;
			remoteGlobalIDString = 3064A34776444DE49627998E;
			remoteInfo = "Bazel Build";
		};
		539F59CB2800A58100F5FBE2 /* PBXContainerItemProxy */ = {
			isa = PBXContainerItemProxy;
			containerPortal = 90B40B411875CA87718F15D6 /* Project object */;
			proxyType = 1;
			remoteGlobalIDString = 3064A34776444DE49627998E;
			remoteInfo = "Bazel Build";
		};
		707845B675E64A1ADA52B218 /* PBXContainerItemProxy */ = {
			isa = PBXContainerItemProxy;
			containerPortal = 90B40B411875CA87718F15D6 /* Project object */;
			proxyType = 1;
			remoteGlobalIDString = F735F4A9CFBBEB3F09580C52;
			remoteInfo = CoreUtilsObjC;
		};
		7ADFECF50878167CF6071A82 /* PBXContainerItemProxy */ = {
			isa = PBXContainerItemProxy;
			containerPortal = 90B40B411875CA87718F15D6 /* Project object */;
			proxyType = 1;
			remoteGlobalIDString = 8B1A49AD77FC1690CB9AE556;
			remoteInfo = TestingUtils;
		};
		9C3E0BB14012EE3F0AFD2DD3 /* PBXContainerItemProxy */ = {
			isa = PBXContainerItemProxy;
			containerPortal = 90B40B411875CA87718F15D6 /* Project object */;
			proxyType = 1;
			remoteGlobalIDString = 8B1A49AD77FC1690CB9AE556;
			remoteInfo = TestingUtils;
		};
		9EA5AB932A9708D1A7667DFA /* PBXContainerItemProxy */ = {
			isa = PBXContainerItemProxy;
			containerPortal = 90B40B411875CA87718F15D6 /* Project object */;
			proxyType = 1;
			remoteGlobalIDString = 3064A34776444DE49627998E;
			remoteInfo = "Bazel Generated Files";
		};
		E58F4A1E1F92E1E2F5570ED4 /* PBXContainerItemProxy */ = {
			isa = PBXContainerItemProxy;
			containerPortal = 90B40B411875CA87718F15D6 /* Project object */;
			proxyType = 1;
			remoteGlobalIDString = 682FCD8AED9E378997DB28CB;
			remoteInfo = Utils;
		};
/* End PBXContainerItemProxy section */

/* Begin PBXFileReference section */
		0A3D8CEF43CF91B1E874B99B /* Foo.h */ = {isa = PBXFileReference; lastKnownFileType = sourcecode.c.h; path = Foo.h; sourceTree = "<group>"; };
		0BE58C589847257693979C11 /* ExampleTests.swift */ = {isa = PBXFileReference; lastKnownFileType = sourcecode.swift; path = ExampleTests.swift; sourceTree = "<group>"; };
		0D405A0225F82F8E821A1A89 /* nested */ = {isa = PBXFileReference; lastKnownFileType = folder; path = nested; sourceTree = "<group>"; };
		0D71BEB41FFFA97C5AAF35CE /* Utils.bundle */ = {isa = PBXFileReference; lastKnownFileType = folder; path = Utils.bundle; sourceTree = "<group>"; };
		0E848F62EC3EA16CB8AADB58 /* Assets.xcassets */ = {isa = PBXFileReference; lastKnownFileType = folder.assetcatalog; path = Assets.xcassets; sourceTree = "<group>"; };
		0F331B89287AC5CF95CBE242 /* PreviewAssets.xcassets */ = {isa = PBXFileReference; lastKnownFileType = folder.assetcatalog; path = PreviewAssets.xcassets; sourceTree = "<group>"; };
		163F2C8DEF5CD811826145FD /* ExampleObjcTests.xctest */ = {isa = PBXFileReference; explicitFileType = wrapper.cfbundle; includeInIndex = 0; path = ExampleObjcTests.xctest; sourceTree = BUILT_PRODUCTS_DIR; };
		1F28FA542D26969D99D932C5 /* TestingUtils.swift.modulemap */ = {isa = PBXFileReference; lastKnownFileType = "sourcecode.module-map"; path = TestingUtils.swift.modulemap; sourceTree = "<group>"; };
		2089F161F005F94A7715179F /* BUILD */ = {isa = PBXFileReference; explicitFileType = text.script.python; path = BUILD; sourceTree = "<group>"; };
		2668B72F031658C7424A69C7 /* Greeting.swift.stencil */ = {isa = PBXFileReference; lastKnownFileType = text; path = Greeting.swift.stencil; sourceTree = "<group>"; };
		27EC4A09230A23D6E3FCF9A1 /* Info.plist */ = {isa = PBXFileReference; lastKnownFileType = text.plist; path = Info.plist; sourceTree = "<group>"; };
		31E23ABADEE3E00DE618D6E8 /* Info.plist */ = {isa = PBXFileReference; lastKnownFileType = text.plist; path = Info.plist; sourceTree = "<group>"; };
		332DA7D905FE78395F8B49AB /* ExampleTests.xctest */ = {isa = PBXFileReference; explicitFileType = wrapper.cfbundle; includeInIndex = 0; path = ExampleTests.xctest; sourceTree = BUILT_PRODUCTS_DIR; };
		3F6A7C1EE8BAE7058EFC5B0C /* ExampleUITests.swift */ = {isa = PBXFileReference; lastKnownFileType = sourcecode.swift; path = ExampleUITests.swift; sourceTree = "<group>"; };
		3FC1732AF7F1647C2CCBBCB8 /* en */ = {isa = PBXFileReference; lastKnownFileType = text.plist.strings; name = en; path = en.lproj/Localizable.strings; sourceTree = "<group>"; };
		4B4FA9C70425835BED3D18FF /* libTestingUtils.a */ = {isa = PBXFileReference; explicitFileType = archive.ar; includeInIndex = 0; path = libTestingUtils.a; sourceTree = BUILT_PRODUCTS_DIR; };
		581AF7D39E2B147BB97B9BBD /* Info.plist */ = {isa = PBXFileReference; lastKnownFileType = text.plist; path = Info.plist; sourceTree = "<group>"; };
		59857C336D9E5B6105B95850 /* BUILD */ = {isa = PBXFileReference; explicitFileType = text.script.python; path = BUILD; sourceTree = "<group>"; };
		5C2EF0755376A4732F5170B8 /* BUILD */ = {isa = PBXFileReference; explicitFileType = text.script.python; path = BUILD; sourceTree = "<group>"; };
		5FC699D9C0C4FE223AAEA1E5 /* BUILD */ = {isa = PBXFileReference; explicitFileType = text.script.python; path = BUILD; sourceTree = "<group>"; };
		64179CB2BEC1B454E719159D /* BUILD */ = {isa = PBXFileReference; explicitFileType = text.script.python; path = BUILD; sourceTree = "<group>"; };
		68EB39D379DB575C1992811C /* Info.plist */ = {isa = PBXFileReference; lastKnownFileType = text.plist; path = Info.plist; sourceTree = "<group>"; };
		7126B3B29F2941E2615E8B45 /* Utils.h */ = {isa = PBXFileReference; lastKnownFileType = sourcecode.c.h; path = Utils.h; sourceTree = "<group>"; };
		7336BDEC622733D8911931FB /* BUILD */ = {isa = PBXFileReference; explicitFileType = text.script.python; path = BUILD; sourceTree = "<group>"; };
		7458A79A895427FF2B5EF451 /* Answers.h */ = {isa = PBXFileReference; lastKnownFileType = sourcecode.c.h; path = Answers.h; sourceTree = "<group>"; };
		74CCE4A1B30AAA962D723BCA /* Answer.swift */ = {isa = PBXFileReference; lastKnownFileType = sourcecode.swift; path = Answer.swift; sourceTree = "<group>"; };
		772995ACCC05420BD8295F13 /* libCoreUtilsObjC.a */ = {isa = PBXFileReference; explicitFileType = archive.ar; includeInIndex = 0; path = libCoreUtilsObjC.a; sourceTree = BUILT_PRODUCTS_DIR; };
		7EA93898F56266968477DD1C /* BUILD */ = {isa = PBXFileReference; explicitFileType = text.script.python; path = BUILD; sourceTree = "<group>"; };
		8379A4DB9A74BF3CB5DAB4DB /* BUILD */ = {isa = PBXFileReference; explicitFileType = text.script.python; path = BUILD; sourceTree = "<group>"; };
		89CDB7756652C04CE3307460 /* Assets.xcassets */ = {isa = PBXFileReference; lastKnownFileType = folder.assetcatalog; path = Assets.xcassets; sourceTree = "<group>"; };
		96079E1B5143AECCC6C7FCB8 /* Info.plist */ = {isa = PBXFileReference; lastKnownFileType = text.plist; path = Info.plist; sourceTree = "<group>"; };
		96457EE4FDB089F9B6CA30D8 /* libUtils.a */ = {isa = PBXFileReference; explicitFileType = archive.ar; includeInIndex = 0; path = libUtils.a; sourceTree = BUILT_PRODUCTS_DIR; };
		999DBB36F96D952774C90966 /* nested */ = {isa = PBXFileReference; lastKnownFileType = folder; path = nested; sourceTree = "<group>"; };
		9BCE1CD271709A66363D778C /* TestingUtils.swift */ = {isa = PBXFileReference; lastKnownFileType = sourcecode.swift; path = TestingUtils.swift; sourceTree = "<group>"; };
		A0B3DE95D17EDB4EEF586E35 /* ExampleObjcTests.m */ = {isa = PBXFileReference; lastKnownFileType = sourcecode.c.objc; path = ExampleObjcTests.m; sourceTree = "<group>"; };
		A728BC96D2EE56D3A20F5D75 /* Foo.m */ = {isa = PBXFileReference; lastKnownFileType = sourcecode.c.objc; path = Foo.m; sourceTree = "<group>"; };
		AD316B4515635DE6DE64F1C1 /* Answers.m */ = {isa = PBXFileReference; lastKnownFileType = sourcecode.c.objc; path = Answers.m; sourceTree = "<group>"; };
		B582794DF84A93AA718FB7A0 /* ExampleUITestsLaunchTests.swift */ = {isa = PBXFileReference; lastKnownFileType = sourcecode.swift; path = ExampleUITestsLaunchTests.swift; sourceTree = "<group>"; };
		B6CBC98397C1FF02025C5E22 /* CoreUtilsObjC.swift.modulemap */ = {isa = PBXFileReference; lastKnownFileType = "sourcecode.module-map"; path = CoreUtilsObjC.swift.modulemap; sourceTree = "<group>"; };
		BB5454138C3DB7B7F7E1308A /* Answer.swift.stencil */ = {isa = PBXFileReference; lastKnownFileType = text; path = Answer.swift.stencil; sourceTree = "<group>"; };
		BB838B5673B2D4DA9E2E52F0 /* ExternalFramework.framework */ = {isa = PBXFileReference; lastKnownFileType = wrapper.framework; path = ExternalFramework.framework; sourceTree = "<group>"; };
		C2288FA66726CD35CFB04516 /* ExampleUITests.xctest */ = {isa = PBXFileReference; explicitFileType = wrapper.cfbundle; includeInIndex = 0; path = ExampleUITests.xctest; sourceTree = BUILT_PRODUCTS_DIR; };
		C3C4594509740C3A3C0835CC /* Assets.xcassets */ = {isa = PBXFileReference; lastKnownFileType = folder.assetcatalog; path = Assets.xcassets; sourceTree = "<group>"; };
		C5E39D6F9D4DAE2C1137ABB0 /* Example.app */ = {isa = PBXFileReference; explicitFileType = wrapper.application; includeInIndex = 0; path = Example.app; sourceTree = BUILT_PRODUCTS_DIR; };
		C941463D9750CBCE73E0FA81 /* nested */ = {isa = PBXFileReference; lastKnownFileType = folder; path = nested; sourceTree = "<group>"; };
		D0753E4F6DE6D3B34FBD6610 /* Info.plist */ = {isa = PBXFileReference; lastKnownFileType = text.plist; path = Info.plist; sourceTree = "<group>"; };
		D1F93F75DA88677B3EB84499 /* Info.plist */ = {isa = PBXFileReference; lastKnownFileType = text.plist; path = Info.plist; sourceTree = "<group>"; };
		D699DE3520D61FDC19A909EF /* ExampleApp.swift */ = {isa = PBXFileReference; lastKnownFileType = sourcecode.swift; path = ExampleApp.swift; sourceTree = "<group>"; };
		DB824849AD6184217F7C7374 /* Greeting.swift */ = {isa = PBXFileReference; lastKnownFileType = sourcecode.swift; path = Greeting.swift; sourceTree = "<group>"; };
		DDD5A69CC7A6E820FCB0BDF0 /* ContentView.swift */ = {isa = PBXFileReference; lastKnownFileType = sourcecode.swift; path = ContentView.swift; sourceTree = "<group>"; };
		E105C37BE4F462559F7A205B /* CoreUtils.pch */ = {isa = PBXFileReference; lastKnownFileType = sourcecode.c.h; path = CoreUtils.pch; sourceTree = "<group>"; };
		E1773AFC4F492A6226DDB17E /* Utils.swift.modulemap */ = {isa = PBXFileReference; lastKnownFileType = "sourcecode.module-map"; path = Utils.swift.modulemap; sourceTree = "<group>"; };
		EF0BD64E901EB1FBD2F0F10E /* BUILD */ = {isa = PBXFileReference; explicitFileType = text.script.python; path = BUILD; sourceTree = "<group>"; };
		EFF54836943E040ACDFCB9FD /* ExampleFramework.framework */ = {isa = PBXFileReference; lastKnownFileType = wrapper.framework; path = ExampleFramework.framework; sourceTree = "<group>"; };
		F3BF0391D88320751FD37784 /* es */ = {isa = PBXFileReference; lastKnownFileType = text.plist.strings; name = es; path = es.lproj/Localizable.strings; sourceTree = "<group>"; };
		F3EE8A1F985D59D79066BF9C /* DefaultTestBundle.plist */ = {isa = PBXFileReference; lastKnownFileType = text.plist; path = DefaultTestBundle.plist; sourceTree = "<group>"; };
/* End PBXFileReference section */

/* Begin PBXFrameworksBuildPhase section */
		BCF96D9A72AA5C1F337495CB /* Frameworks */ = {
			isa = PBXFrameworksBuildPhase;
			buildActionMask = 2147483647;
			files = (
				D318A1B20B60B1F886937BD6 /* ExampleFramework.framework in Frameworks */,
				DB28C4EBC63A24E7071390F7 /* ExternalFramework.framework in Frameworks */,
			);
			runOnlyForDeploymentPostprocessing = 0;
		};
/* End PBXFrameworksBuildPhase section */

/* Begin PBXGroup section */
		04B0FDDD8E7F9DC9488A32D9 /* ExampleTests */ = {
			isa = PBXGroup;
			children = (
				92150436195646BBCE95A762 /* ExampleTests.__internal__.__test_bundle-intermediates */,
			);
			path = ExampleTests;
			sourceTree = "<group>";
		};
		163AC911A1F3D1396AE71CAE /* bin */ = {
			isa = PBXGroup;
			children = (
				BBB99FE31C181059D55EEEE7 /* CoreUtilsObjC */,
				1BC558F6E3958223841AD668 /* TestingUtils */,
				CE2ED77DA184834B7364C5B6 /* Utils */,
			);
			path = bin;
			sourceTree = "<group>";
		};
		1BC558F6E3958223841AD668 /* TestingUtils */ = {
			isa = PBXGroup;
			children = (
				74CCE4A1B30AAA962D723BCA /* Answer.swift */,
				DB824849AD6184217F7C7374 /* Greeting.swift */,
				9BCE1CD271709A66363D778C /* TestingUtils.swift */,
				1F28FA542D26969D99D932C5 /* TestingUtils.swift.modulemap */,
			);
			path = TestingUtils;
			sourceTree = "<group>";
		};
		22D63AE4A8E6D3194DC63EEA /* Bazel Generated Files */ = {
			isa = PBXGroup;
			children = (
				F1A9E9FC068EE501EED282C3 /* applebin_ios-ios_x86_64-dbg-ST-d3e756bfe7fd */,
				B393E9E0C2C6F7832F198A28 /* ios-x86_64-min15.0-applebin_ios-ios_x86_64-dbg-ST-d3e756bfe7fd */,
			);
			name = "Bazel Generated Files";
			path = test/fixtures/project.xcodeproj/rules_xcodeproj/gen_dir;
			sourceTree = "<group>";
		};
		288B9239A6FC5370446C5FD5 /* testing */ = {
			isa = PBXGroup;
			children = (
				F3EE8A1F985D59D79066BF9C /* DefaultTestBundle.plist */,
			);
			path = testing;
			sourceTree = "<group>";
		};
		2EDB795AE7B85C2164303DA7 /* Utils */ = {
			isa = PBXGroup;
			children = (
				64179CB2BEC1B454E719159D /* BUILD */,
				0A3D8CEF43CF91B1E874B99B /* Foo.h */,
				A728BC96D2EE56D3A20F5D75 /* Foo.m */,
				7126B3B29F2941E2615E8B45 /* Utils.h */,
			);
			path = Utils;
			sourceTree = "<group>";
		};
		3695C1B089A901CABEE1141B /* apple */ = {
			isa = PBXGroup;
			children = (
				288B9239A6FC5370446C5FD5 /* testing */,
			);
			path = apple;
			sourceTree = "<group>";
		};
		428D294EDDF4A41D530E1B84 /* Products */ = {
			isa = PBXGroup;
			children = (
				C5E39D6F9D4DAE2C1137ABB0 /* Example.app */,
				163F2C8DEF5CD811826145FD /* ExampleObjcTests.xctest */,
				332DA7D905FE78395F8B49AB /* ExampleTests.xctest */,
				C2288FA66726CD35CFB04516 /* ExampleUITests.xctest */,
				772995ACCC05420BD8295F13 /* libCoreUtilsObjC.a */,
				4B4FA9C70425835BED3D18FF /* libTestingUtils.a */,
				96457EE4FDB089F9B6CA30D8 /* libUtils.a */,
			);
			name = Products;
			sourceTree = "<group>";
		};
		47598B7A84CFE12125B70720 /* PreviewContent */ = {
			isa = PBXGroup;
			children = (
				0F331B89287AC5CF95CBE242 /* PreviewAssets.xcassets */,
			);
			path = PreviewContent;
			sourceTree = "<group>";
		};
		47E17F6EE7635213AF42FFCE /* CoreUtils */ = {
			isa = PBXGroup;
			children = (
				7458A79A895427FF2B5EF451 /* Answers.h */,
				E105C37BE4F462559F7A205B /* CoreUtils.pch */,
			);
			path = CoreUtils;
			sourceTree = "<group>";
		};
		52922DC1C268A3FE9B5C3C38 /* Bazel External Repositories */ = {
			isa = PBXGroup;
			children = (
				5877E1B0DA723A428072DE2A /* build_bazel_rules_apple */,
				F5E9439A38A4A949779A6A4D /* examples_ios_app_external */,
			);
			name = "Bazel External Repositories";
			path = "bazel-ios_app/external";
			sourceTree = "<group>";
		};
		5877E1B0DA723A428072DE2A /* build_bazel_rules_apple */ = {
			isa = PBXGroup;
			children = (
				3695C1B089A901CABEE1141B /* apple */,
			);
			path = build_bazel_rules_apple;
			sourceTree = "<group>";
		};
		59299A1A4E3C2D59D7A458D9 /* Example */ = {
			isa = PBXGroup;
			children = (
				999DBB36F96D952774C90966 /* nested */,
				47598B7A84CFE12125B70720 /* PreviewContent */,
				0E848F62EC3EA16CB8AADB58 /* Assets.xcassets */,
				5C2EF0755376A4732F5170B8 /* BUILD */,
				DDD5A69CC7A6E820FCB0BDF0 /* ContentView.swift */,
				D699DE3520D61FDC19A909EF /* ExampleApp.swift */,
				D1F93F75DA88677B3EB84499 /* Info.plist */,
				145CCA829262D9783A1B847F /* Localizable.strings */,
			);
			path = Example;
			sourceTree = "<group>";
		};
		79318B470B9CC13B30516691 /* ExampleObjcTests */ = {
			isa = PBXGroup;
			children = (
				7336BDEC622733D8911931FB /* BUILD */,
				A0B3DE95D17EDB4EEF586E35 /* ExampleObjcTests.m */,
			);
			path = ExampleObjcTests;
			sourceTree = "<group>";
		};
		7F25FB8172071B496AD8BBE4 /* ExampleResources */ = {
			isa = PBXGroup;
			children = (
				0D405A0225F82F8E821A1A89 /* nested */,
				C3C4594509740C3A3C0835CC /* Assets.xcassets */,
				7EA93898F56266968477DD1C /* BUILD */,
				68EB39D379DB575C1992811C /* Info.plist */,
			);
			path = ExampleResources;
			sourceTree = "<group>";
		};
		8F4DDAAC991D78EE0C419834 /* ExampleObjcTests */ = {
			isa = PBXGroup;
			children = (
				B6991E7F76C03954CF3F5061 /* ExampleObjcTests.__internal__.__test_bundle-intermediates */,
			);
			path = ExampleObjcTests;
			sourceTree = "<group>";
		};
		8FFA43D4D9C2A095F2147970 /* CoreUtilsObjC */ = {
			isa = PBXGroup;
			children = (
				47E17F6EE7635213AF42FFCE /* CoreUtils */,
				AD316B4515635DE6DE64F1C1 /* Answers.m */,
				8379A4DB9A74BF3CB5DAB4DB /* BUILD */,
			);
			path = CoreUtilsObjC;
			sourceTree = "<group>";
		};
		91B19B3116ADB8C8ECC2934E = {
			isa = PBXGroup;
			children = (
				8FFA43D4D9C2A095F2147970 /* CoreUtilsObjC */,
				59299A1A4E3C2D59D7A458D9 /* Example */,
				79318B470B9CC13B30516691 /* ExampleObjcTests */,
				7F25FB8172071B496AD8BBE4 /* ExampleResources */,
				BAF0E3E8914C1F0BED0421C4 /* ExampleTests */,
				BE5C020511A0C620C6F4F2A5 /* ExampleUITests */,
				E364F60CDE11150274ABF975 /* TestingUtils */,
				C87AC5A69C9451F5FFF4EBB9 /* third_party */,
				2EDB795AE7B85C2164303DA7 /* Utils */,
				52922DC1C268A3FE9B5C3C38 /* Bazel External Repositories */,
				22D63AE4A8E6D3194DC63EEA /* Bazel Generated Files */,
				428D294EDDF4A41D530E1B84 /* Products */,
				C66B8C06B79203E1B66DFCCF /* Frameworks */,
			);
			sourceTree = "<group>";
		};
		92150436195646BBCE95A762 /* ExampleTests.__internal__.__test_bundle-intermediates */ = {
			isa = PBXGroup;
			children = (
				27EC4A09230A23D6E3FCF9A1 /* Info.plist */,
			);
			path = "ExampleTests.__internal__.__test_bundle-intermediates";
			sourceTree = "<group>";
		};
		937BFD79790E0DF650A85B82 /* bin */ = {
			isa = PBXGroup;
			children = (
				9BA5B5D66E5A1D7385876E39 /* Example */,
				8F4DDAAC991D78EE0C419834 /* ExampleObjcTests */,
				04B0FDDD8E7F9DC9488A32D9 /* ExampleTests */,
				F935C361DD9214E126069B5B /* ExampleUITests */,
			);
			path = bin;
			sourceTree = "<group>";
		};
		9BA5B5D66E5A1D7385876E39 /* Example */ = {
			isa = PBXGroup;
			children = (
				A012EA91698DCB488DC29EE6 /* Example-intermediates */,
			);
			path = Example;
			sourceTree = "<group>";
		};
		A012EA91698DCB488DC29EE6 /* Example-intermediates */ = {
			isa = PBXGroup;
			children = (
				D0753E4F6DE6D3B34FBD6610 /* Info.plist */,
			);
			path = "Example-intermediates";
			sourceTree = "<group>";
		};
		B393E9E0C2C6F7832F198A28 /* ios-x86_64-min15.0-applebin_ios-ios_x86_64-dbg-ST-d3e756bfe7fd */ = {
			isa = PBXGroup;
			children = (
				163AC911A1F3D1396AE71CAE /* bin */,
			);
			path = "ios-x86_64-min15.0-applebin_ios-ios_x86_64-dbg-ST-d3e756bfe7fd";
			sourceTree = "<group>";
		};
		B6991E7F76C03954CF3F5061 /* ExampleObjcTests.__internal__.__test_bundle-intermediates */ = {
			isa = PBXGroup;
			children = (
				31E23ABADEE3E00DE618D6E8 /* Info.plist */,
			);
			path = "ExampleObjcTests.__internal__.__test_bundle-intermediates";
			sourceTree = "<group>";
		};
		BAF0E3E8914C1F0BED0421C4 /* ExampleTests */ = {
			isa = PBXGroup;
			children = (
				EF0BD64E901EB1FBD2F0F10E /* BUILD */,
				0BE58C589847257693979C11 /* ExampleTests.swift */,
			);
			path = ExampleTests;
			sourceTree = "<group>";
		};
		BBB99FE31C181059D55EEEE7 /* CoreUtilsObjC */ = {
			isa = PBXGroup;
			children = (
				B6CBC98397C1FF02025C5E22 /* CoreUtilsObjC.swift.modulemap */,
			);
			path = CoreUtilsObjC;
			sourceTree = "<group>";
		};
		BE5C020511A0C620C6F4F2A5 /* ExampleUITests */ = {
			isa = PBXGroup;
			children = (
				59857C336D9E5B6105B95850 /* BUILD */,
				3F6A7C1EE8BAE7058EFC5B0C /* ExampleUITests.swift */,
				B582794DF84A93AA718FB7A0 /* ExampleUITestsLaunchTests.swift */,
			);
			path = ExampleUITests;
			sourceTree = "<group>";
		};
		C66B8C06B79203E1B66DFCCF /* Frameworks */ = {
			isa = PBXGroup;
			children = (
			);
			name = Frameworks;
			sourceTree = "<group>";
		};
		C87AC5A69C9451F5FFF4EBB9 /* third_party */ = {
			isa = PBXGroup;
			children = (
				5FC699D9C0C4FE223AAEA1E5 /* BUILD */,
				EFF54836943E040ACDFCB9FD /* ExampleFramework.framework */,
			);
			path = third_party;
			sourceTree = "<group>";
		};
		CE2ED77DA184834B7364C5B6 /* Utils */ = {
			isa = PBXGroup;
			children = (
				E1773AFC4F492A6226DDB17E /* Utils.swift.modulemap */,
			);
			path = Utils;
			sourceTree = "<group>";
		};
		DC8870195A0BAEF121A6E280 /* bundles */ = {
			isa = PBXGroup;
			children = (
				0D71BEB41FFFA97C5AAF35CE /* Utils.bundle */,
			);
			path = bundles;
			sourceTree = "<group>";
		};
		E364F60CDE11150274ABF975 /* TestingUtils */ = {
			isa = PBXGroup;
			children = (
				BB5454138C3DB7B7F7E1308A /* Answer.swift.stencil */,
				2089F161F005F94A7715179F /* BUILD */,
				2668B72F031658C7424A69C7 /* Greeting.swift.stencil */,
			);
			path = TestingUtils;
			sourceTree = "<group>";
		};
		F1A9E9FC068EE501EED282C3 /* applebin_ios-ios_x86_64-dbg-ST-d3e756bfe7fd */ = {
			isa = PBXGroup;
			children = (
				937BFD79790E0DF650A85B82 /* bin */,
			);
			path = "applebin_ios-ios_x86_64-dbg-ST-d3e756bfe7fd";
			sourceTree = "<group>";
		};
		F398DA9C404C8FCF41111B97 /* ExampleUITests.__internal__.__test_bundle-intermediates */ = {
			isa = PBXGroup;
			children = (
				96079E1B5143AECCC6C7FCB8 /* Info.plist */,
			);
			path = "ExampleUITests.__internal__.__test_bundle-intermediates";
			sourceTree = "<group>";
		};
		F5E9439A38A4A949779A6A4D /* examples_ios_app_external */ = {
			isa = PBXGroup;
			children = (
				DC8870195A0BAEF121A6E280 /* bundles */,
				C941463D9750CBCE73E0FA81 /* nested */,
				89CDB7756652C04CE3307460 /* Assets.xcassets */,
				BB838B5673B2D4DA9E2E52F0 /* ExternalFramework.framework */,
				581AF7D39E2B147BB97B9BBD /* Info.plist */,
			);
			path = examples_ios_app_external;
			sourceTree = "<group>";
		};
		F935C361DD9214E126069B5B /* ExampleUITests */ = {
			isa = PBXGroup;
			children = (
				F398DA9C404C8FCF41111B97 /* ExampleUITests.__internal__.__test_bundle-intermediates */,
			);
			path = ExampleUITests;
			sourceTree = "<group>";
		};
/* End PBXGroup section */

/* Begin PBXNativeTarget section */
		682FCD8AED9E378997DB28CB /* Utils */ = {
			isa = PBXNativeTarget;
			buildConfigurationList = 12A6E39AFF20277EB2E837E3 /* Build configuration list for PBXNativeTarget "Utils" */;
			buildPhases = (
				53131848280A074A006B61B8 /* Copy Output */,
				6C4A06DEA64ACEE83AA2D91B /* Sources */,
			);
			buildRules = (
			);
			dependencies = (
				539F59CC2800A58100F5FBE2 /* PBXTargetDependency */,
				B44F3488B8861B13B6BE0333 /* PBXTargetDependency */,
			);
			name = Utils;
			productName = Utils;
			productReference = 96457EE4FDB089F9B6CA30D8 /* libUtils.a */;
			productType = "com.apple.product-type.library.static";
		};
		78E254055CF3D5252C84D79D /* ExampleUITests.__internal__.__test_bundle */ = {
			isa = PBXNativeTarget;
			buildConfigurationList = 8E5F721E3B8848F625065067 /* Build configuration list for PBXNativeTarget "ExampleUITests.__internal__.__test_bundle" */;
			buildPhases = (
				AB298EF0B6EC715E492E0A39 /* Sources */,
				26BA434146FF47FA670A14F3 /* Resources */,
			);
			buildRules = (
			);
			dependencies = (
				2C3EF0A78A1C6D3ED61F8B20 /* PBXTargetDependency */,
				8090BAEEB7C7D714E55D865C /* PBXTargetDependency */,
			);
			name = ExampleUITests.__internal__.__test_bundle;
			productName = ExampleUITests;
			productReference = C2288FA66726CD35CFB04516 /* ExampleUITests.xctest */;
			productType = "com.apple.product-type.bundle.ui-testing";
		};
		8B1A49AD77FC1690CB9AE556 /* TestingUtils */ = {
			isa = PBXNativeTarget;
			buildConfigurationList = 3EEAAC6A475B8EE72405BCF3 /* Build configuration list for PBXNativeTarget "TestingUtils" */;
			buildPhases = (
				EAC8F69FA419D442FF916CFF /* Sources */,
				289FE373216BB6AA26EA3D6D /* Copy Swift Generated Header */,
			);
			buildRules = (
			);
			dependencies = (
				AE1DF113574D91C3702AEFDA /* PBXTargetDependency */,
			);
			name = TestingUtils;
			productName = TestingUtils;
			productReference = 4B4FA9C70425835BED3D18FF /* libTestingUtils.a */;
			productType = "com.apple.product-type.library.static";
		};
		9F709B925871CD3FCBF43106 /* ExampleObjcTests.__internal__.__test_bundle */ = {
			isa = PBXNativeTarget;
			buildConfigurationList = DE32CA7AA6309AA3A570F94A /* Build configuration list for PBXNativeTarget "ExampleObjcTests.__internal__.__test_bundle" */;
			buildPhases = (
				45F2248C52E44E3FB8FA66D0 /* Sources */,
				D22828EA459C95D32B4B9B1E /* Resources */,
			);
			buildRules = (
			);
			dependencies = (
				BA07896B61B9027F0533AC69 /* PBXTargetDependency */,
				21627D3581B6ADD9906D176D /* PBXTargetDependency */,
				B83AE2FC96D66AE4CB710137 /* PBXTargetDependency */,
				545A036FD772496B7255F60D /* PBXTargetDependency */,
			);
			name = ExampleObjcTests.__internal__.__test_bundle;
			productName = ExampleObjcTests;
			productReference = 163F2C8DEF5CD811826145FD /* ExampleObjcTests.xctest */;
			productType = "com.apple.product-type.bundle.unit-test";
		};
		E5FC08BFA53D3AF04406D2BB /* ExampleTests.__internal__.__test_bundle */ = {
			isa = PBXNativeTarget;
			buildConfigurationList = AC225E2F7B139CBF04D43ED2 /* Build configuration list for PBXNativeTarget "ExampleTests.__internal__.__test_bundle" */;
			buildPhases = (
				2C6C62B973D3C57190D8211A /* Sources */,
				C44E88FCA24EA71D2ABE124B /* Resources */,
			);
			buildRules = (
			);
			dependencies = (
				C418EED9BCE57CCDB9B6CA97 /* PBXTargetDependency */,
				DE2A9C64E8E8EC51BD29FC22 /* PBXTargetDependency */,
				1468909917912BD7D7544911 /* PBXTargetDependency */,
				50E5474DA5A85C108744AB54 /* PBXTargetDependency */,
			);
			name = ExampleTests.__internal__.__test_bundle;
			productName = ExampleTests;
			productReference = 332DA7D905FE78395F8B49AB /* ExampleTests.xctest */;
			productType = "com.apple.product-type.bundle.unit-test";
		};
		EAB95A4512529D4CB8BE5D4E /* Example */ = {
			isa = PBXNativeTarget;
			buildConfigurationList = 19C1A3DAF723B9973DBE381B /* Build configuration list for PBXNativeTarget "Example" */;
			buildPhases = (
				539F59CE2800C24400F5FBE2 /* Copy Output */,
				6315F36A6873172964A42F18 /* Sources */,
				BCF96D9A72AA5C1F337495CB /* Frameworks */,
				539F59CF2800D40700F5FBE2 /* Resources */,
			);
			buildRules = (
			);
			dependencies = (
				39159660DA50973079657E41 /* PBXTargetDependency */,
				7E14CF57C8FA9BF9043A9A53 /* PBXTargetDependency */,
			);
			name = Example;
			productName = Example;
			productReference = C5E39D6F9D4DAE2C1137ABB0 /* Example.app */;
			productType = "com.apple.product-type.application";
		};
		F735F4A9CFBBEB3F09580C52 /* CoreUtilsObjC */ = {
			isa = PBXNativeTarget;
			buildConfigurationList = 92669A1088E270A9002A90A6 /* Build configuration list for PBXNativeTarget "CoreUtilsObjC" */;
			buildPhases = (
				7DD05BBF060A6C09A7E3EE11 /* Sources */,
			);
			buildRules = (
			);
			dependencies = (
				539F59C62800A57200F5FBE2 /* PBXTargetDependency */,
			);
			name = CoreUtilsObjC;
			productName = CoreUtilsObjC;
			productReference = 772995ACCC05420BD8295F13 /* libCoreUtilsObjC.a */;
			productType = "com.apple.product-type.library.static";
		};
/* End PBXNativeTarget section */

/* Begin PBXProject section */
		90B40B411875CA87718F15D6 /* Project object */ = {
			isa = PBXProject;
			attributes = {
				BuildIndependentTargetsInParallel = 1;
				LastSwiftUpdateCheck = 1320;
				LastUpgradeCheck = 1320;
				TargetAttributes = {
					3064A34776444DE49627998E = {
						CreatedOnToolsVersion = 13.2.1;
					};
					682FCD8AED9E378997DB28CB = {
						CreatedOnToolsVersion = 13.2.1;
						LastSwiftMigration = 1320;
					};
					78E254055CF3D5252C84D79D = {
						CreatedOnToolsVersion = 13.2.1;
						LastSwiftMigration = 1320;
						TestTargetID = EAB95A4512529D4CB8BE5D4E;
					};
					8B1A49AD77FC1690CB9AE556 = {
						CreatedOnToolsVersion = 13.2.1;
						LastSwiftMigration = 1320;
					};
					9F709B925871CD3FCBF43106 = {
						CreatedOnToolsVersion = 13.2.1;
						LastSwiftMigration = 1320;
						TestTargetID = EAB95A4512529D4CB8BE5D4E;
					};
					E5FC08BFA53D3AF04406D2BB = {
						CreatedOnToolsVersion = 13.2.1;
						LastSwiftMigration = 1320;
						TestTargetID = EAB95A4512529D4CB8BE5D4E;
					};
					EAB95A4512529D4CB8BE5D4E = {
						CreatedOnToolsVersion = 13.2.1;
						LastSwiftMigration = 1320;
					};
					F735F4A9CFBBEB3F09580C52 = {
						CreatedOnToolsVersion = 13.2.1;
						LastSwiftMigration = 1320;
					};
				};
			};
			buildConfigurationList = 80BD425FBB172AF87565539B /* Build configuration list for PBXProject "project" */;
			compatibilityVersion = "Xcode 13.0";
			developmentRegion = en;
			hasScannedForEncodings = 0;
			knownRegions = (
				en,
				es,
				Base,
			);
			mainGroup = 91B19B3116ADB8C8ECC2934E;
			productRefGroup = 428D294EDDF4A41D530E1B84 /* Products */;
			projectDirPath = ../..;
			projectRoot = "";
			targets = (
				3064A34776444DE49627998E /* Bazel Build */,
				F735F4A9CFBBEB3F09580C52 /* CoreUtilsObjC */,
				EAB95A4512529D4CB8BE5D4E /* Example */,
				9F709B925871CD3FCBF43106 /* ExampleObjcTests.__internal__.__test_bundle */,
				E5FC08BFA53D3AF04406D2BB /* ExampleTests.__internal__.__test_bundle */,
				78E254055CF3D5252C84D79D /* ExampleUITests.__internal__.__test_bundle */,
				8B1A49AD77FC1690CB9AE556 /* TestingUtils */,
				682FCD8AED9E378997DB28CB /* Utils */,
			);
		};
/* End PBXProject section */

/* Begin PBXResourcesBuildPhase section */
		26BA434146FF47FA670A14F3 /* Resources */ = {
			isa = PBXResourcesBuildPhase;
			buildActionMask = 2147483647;
			files = (
			);
			runOnlyForDeploymentPostprocessing = 0;
		};
		539F59CF2800D40700F5FBE2 /* Resources */ = {
			isa = PBXResourcesBuildPhase;
			buildActionMask = 2147483647;
			files = (
			);
			runOnlyForDeploymentPostprocessing = 0;
		};
		C44E88FCA24EA71D2ABE124B /* Resources */ = {
			isa = PBXResourcesBuildPhase;
			buildActionMask = 2147483647;
			files = (
			);
			runOnlyForDeploymentPostprocessing = 0;
		};
		D22828EA459C95D32B4B9B1E /* Resources */ = {
			isa = PBXResourcesBuildPhase;
			buildActionMask = 2147483647;
			files = (
				A3ADDDD00B8798D8C12477BC /* Utils.bundle in Resources */,
			);
			runOnlyForDeploymentPostprocessing = 0;
		};
/* End PBXResourcesBuildPhase section */

/* Begin PBXShellScriptBuildPhase section */
		289FE373216BB6AA26EA3D6D /* Copy Swift Generated Header */ = {
			isa = PBXShellScriptBuildPhase;
			buildActionMask = 2147483647;
			files = (
			);
			inputPaths = (
				"$(DERIVED_FILE_DIR)/$(SWIFT_OBJC_INTERFACE_HEADER_NAME)",
			);
			name = "Copy Swift Generated Header";
			outputPaths = (
				"$(CONFIGURATION_BUILD_DIR)/$(SWIFT_OBJC_INTERFACE_HEADER_NAME)",
			);
			runOnlyForDeploymentPostprocessing = 0;
			shellPath = /bin/sh;
			shellScript = "cp \"${SCRIPT_INPUT_FILE_0}\" \"${SCRIPT_OUTPUT_FILE_0}\"\n";
			showEnvVarsInLog = 0;
		};
		53131848280A074A006B61B8 /* Copy Output */ = {
			isa = PBXShellScriptBuildPhase;
			buildActionMask = 2147483647;
			files = (
			);
			inputFileListPaths = (
			);
			inputPaths = (
			);
			name = "Copy Output";
			outputFileListPaths = (
			);
			outputPaths = (
			);
			runOnlyForDeploymentPostprocessing = 0;
			shellPath = /bin/sh;
			shellScript = "cd \"bazel-out\"\n\nif [ \"$ACTION\" == \"indexbuild\" ]; then\n    exit 1\n    \n  cd \"$PROJECT_DIR\"\n\n  flags=(\n    --config=cache\n    '--output_groups=i __Utils:Utils ios-x86_64-min15.0-applebin_ios-ios_x86_64-dbg-ST-d3e756bfe7fd'\n    -c dbg\n    --define=apple.experimental.tree_artifact_outputs=1\n    --features=oso_prefix_is_pwd\n    --bes_upload_mode=fully_async\n  )\n\n  time env -i \\\n    DEVELOPER_DIR=\"$DEVELOPER_DIR\" \\\n    HOME=\"$HOME\" \\\n    PATH=\"${PATH//\\/usr\\/local\\/bin//opt/homebrew/bin:/usr/local/bin}\" \\\n    USER=\"$USER\" \\\n    ${BAZEL_PATH} \\\n    build \\\n    \"${flags[@]}\" \\\n    //test/fixtures:fixture\n\n  rsync \\\n    --files-from \"$PROJECT_DIR/bazel-bin/test/fixtures/i __Utils:Utils ios-x86_64-min15.0-applebin_ios-ios_x86_64-dbg-ST-d3e756bfe7fd.filelist\" \\\n    --chmod=u+w \\\n    -L \\\n    -v \\\n    . \\\n    \"$BUILD_DIR/bazel-out\"\nelse\n  rsync \\\n    --files-from \"$PROJECT_DIR/bazel-bin/test/fixtures/b __Utils:Utils ios-x86_64-min15.0-applebin_ios-ios_x86_64-dbg-ST-d3e756bfe7fd.filelist\" \\\n    --chmod=u+w \\\n    -L \\\n    -v \\\n    . \\\n    \"$BUILD_DIR/bazel-out\"\nfi\n";
		};
		539F59CE2800C24400F5FBE2 /* Copy Output */ = {
			isa = PBXShellScriptBuildPhase;
			alwaysOutOfDate = 1;
			buildActionMask = 2147483647;
			files = (
			);
			inputFileListPaths = (
			);
			inputPaths = (
			);
			name = "Copy Output";
			outputFileListPaths = (
			);
			outputPaths = (
			);
			runOnlyForDeploymentPostprocessing = 0;
			shellPath = /bin/sh;
			shellScript = "cd \"bazel-out\"\n\nif [ \"$ACTION\" == \"indexbuild\" ]; then\n    exit 1\n\n  cd \"$PROJECT_DIR\"\n\n  flags=(\n    --config=cache\n    '--output_groups=i __Example:Example.library ios-x86_64-min15.0-applebin_ios-ios_x86_64-dbg-ST-d3e756bfe7fd'\n    -c dbg\n    --define=apple.experimental.tree_artifact_outputs=1\n    --features=oso_prefix_is_pwd\n    --bes_upload_mode=fully_async\n  )\n\n  time env -i \\\n    DEVELOPER_DIR=\"$DEVELOPER_DIR\" \\\n    HOME=\"$HOME\" \\\n    PATH=\"${PATH//\\/usr\\/local\\/bin//opt/homebrew/bin:/usr/local/bin}\" \\\n    USER=\"$USER\" \\\n    ${BAZEL_PATH} \\\n    build \\\n    \"${flags[@]}\" \\\n    //test/fixtures:fixture\n\n  rsync \\\n    --files-from \"$PROJECT_DIR/bazel-bin/test/fixtures/i __Example:Example.library ios-x86_64-min15.0-applebin_ios-ios_x86_64-dbg-ST-d3e756bfe7fd.filelist\" \\\n    --chmod=u+w \\\n    -L \\\n    -v \\\n    . \\\n    \"$BUILD_DIR/bazel-out\"\nelse\n  rsync \\\n    --files-from \"$PROJECT_DIR/bazel-bin/test/fixtures/b __Example:Example.library ios-x86_64-min15.0-applebin_ios-ios_x86_64-dbg-ST-d3e756bfe7fd.filelist\" \\\n    --chmod=u+w \\\n    -L \\\n    -v \\\n    . \\\n    \"$BUILD_DIR/bazel-out\"\n\n  rsync \\\n    --copy-links \\\n    --recursive \\\n    --times \\\n    --delete \\\n    --chmod=u+w \\\n    -v \\\n    \"applebin_ios-ios_x86_64-dbg-ST-d3e756bfe7fd/bin/Example/Example.app\" \\\n    \"$TARGET_BUILD_DIR\"\nfi\n";
			showEnvVarsInLog = 0;
		};
		64D3406EB908D4BD044C581E /* Copy Generated Files */ = {
			isa = PBXShellScriptBuildPhase;
			buildActionMask = 2147483647;
			files = (
			);
			inputFileListPaths = (
				"$(PROJECT_FILE_PATH)/rules_xcodeproj/generated.xcfilelist",
			);
			inputPaths = (
			);
			name = "Copy Generated Files";
			outputFileListPaths = (
				"$(PROJECT_FILE_PATH)/rules_xcodeproj/generated.copied.xcfilelist",
			);
			outputPaths = (
			);
			runOnlyForDeploymentPostprocessing = 0;
			shellPath = /bin/sh;
			shellScript = "set -eu\n\ncd \"bazel-out\"\n\nrsync \\\n  --files-from \"$PROJECT_DIR/test/fixtures/project.xcodeproj/rules_xcodeproj/generated.rsynclist\" \\\n  --chmod=u+w \\\n  -L \\\n  -v \\\n  . \\\n  \"$BUILD_DIR/bazel-out\"\n\n";
			showEnvVarsInLog = 0;
		};
		700DDA896776846733B25577 /* Fix Info.plists */ = {
			isa = PBXShellScriptBuildPhase;
			buildActionMask = 2147483647;
			files = (
			);
			inputFileListPaths = (
				"$(PROJECT_DIR)/test/fixtures/project.xcodeproj/rules_xcodeproj/infoplists.xcfilelist",
			);
			inputPaths = (
			);
			name = "Fix Info.plists";
			outputFileListPaths = (
				"$(PROJECT_FILE_PATH)/rules_xcodeproj/infoplists.fixed.xcfilelist",
			);
			outputPaths = (
			);
			runOnlyForDeploymentPostprocessing = 0;
			shellPath = /bin/sh;
			shellScript = "set -eu\n\nwhile IFS= read -r input; do\n  output=\"${input%.plist}.xcode.plist\"\n  cp \"$input\" \"$output\"\n  plutil -remove UIDeviceFamily \"$output\" || true\ndone < \"$SCRIPT_INPUT_FILE_LIST_0\"\n";
			showEnvVarsInLog = 0;
		};
		8B6377F4DA6FAE3ED76C177A /* Build */ = {
			isa = PBXShellScriptBuildPhase;
			alwaysOutOfDate = 1;
			buildActionMask = 2147483647;
			files = (
			);
			inputPaths = (
			);
			name = Build;
			outputFileListPaths = (
				"$(PROJECT_DIR)/test/fixtures/project.xcodeproj/rules_xcodeproj/generated.xcfilelist",
			);
			outputPaths = (
			);
			runOnlyForDeploymentPostprocessing = 0;
			shellPath = /bin/sh;
			shellScript = "set -eu\n\ncd \"$PROJECT_FILE_PATH/rules_xcodeproj\"\n\n# Need to remove the directory that Xcode creates as part of output prep\nrm -rf gen_dir\n\nln -sf \"$BUILD_DIR/bazel-out\" gen_dir\n\ncd \"$BUILD_DIR\"\nln -sfn \"$PROJECT_DIR\" SRCROOT\nln -sfn \"$PROJECT_DIR/bazel-ios_app/external\" external\n\n# Need to remove the directory that Xcode creates as part of output prep\nrm -rf \"$PROJECT_DIR/bazel-out\"\n\ncd \"$PROJECT_DIR\"\n\nflags=(\n  --config=cache\n  --output_groups=generated_inputs\n  -c dbg\n  --define=apple.experimental.tree_artifact_outputs=1\n  --features=oso_prefix_is_pwd\n  --bes_upload_mode=fully_async\n  --noremote_upload_local_results\n)\n\nif [ \"$ACTION\" != \"indexbuild\" ]; then\n  while IFS= read -r output_group; do\n    flags+=(\"--output_groups=+$output_group\")\n  done < \"$PROJECT_FILE_PATH/rules_xcodeproj/bazel_build_output_groups\"\nelse\n    exit 1\nfi\n\ntime env -i \\\n  DEVELOPER_DIR=\"$DEVELOPER_DIR\" \\\n  HOME=\"$HOME\" \\\n  PATH=\"${PATH//\\/usr\\/local\\/bin//opt/homebrew/bin:/usr/local/bin}\" \\\n  USER=\"$USER\" \\\n  ${BAZEL_PATH} \\\n  build \\\n  \"${flags[@]}\" \\\n  //test/fixtures:fixture\n";
		};
		C977250D6EB972BF2FF38593 /* Fix Modulemaps */ = {
			isa = PBXShellScriptBuildPhase;
			buildActionMask = 2147483647;
			files = (
			);
			inputFileListPaths = (
				"$(PROJECT_FILE_PATH)/rules_xcodeproj/modulemaps.xcfilelist",
			);
			inputPaths = (
			);
			name = "Fix Modulemaps";
			outputFileListPaths = (
				"$(PROJECT_FILE_PATH)/rules_xcodeproj/modulemaps.fixed.xcfilelist",
			);
			outputPaths = (
			);
			runOnlyForDeploymentPostprocessing = 0;
			shellPath = /bin/sh;
			shellScript = "set -eu\n\nwhile IFS= read -r input; do\n  output=\"${input%.modulemap}.xcode.modulemap\"\n  perl -p -e \\\n    's%^(\\s*(\\w+ )?header )(?!(\"\\.\\.(\\/\\.\\.)*\\/|\")(bazel-out|external)\\/)(\"(\\.\\.\\/)*)(.*\")%\\1\\6SRCROOT/\\8%' \\\n    < \"$input\" \\\n    > \"$output\"\ndone < \"$SCRIPT_INPUT_FILE_LIST_0\"\n";
			showEnvVarsInLog = 0;
		};
/* End PBXShellScriptBuildPhase section */

/* Begin PBXSourcesBuildPhase section */
		2C6C62B973D3C57190D8211A /* Sources */ = {
			isa = PBXSourcesBuildPhase;
			buildActionMask = 2147483647;
			files = (
				855819BC320CBF015145F5A0 /* ExampleTests.swift in Sources */,
			);
			runOnlyForDeploymentPostprocessing = 0;
		};
		45F2248C52E44E3FB8FA66D0 /* Sources */ = {
			isa = PBXSourcesBuildPhase;
			buildActionMask = 2147483647;
			files = (
				A20F9915BC31FA63002163E7 /* ExampleObjcTests.m in Sources */,
			);
			runOnlyForDeploymentPostprocessing = 0;
		};
		6315F36A6873172964A42F18 /* Sources */ = {
			isa = PBXSourcesBuildPhase;
			buildActionMask = 2147483647;
			files = (
				29796EAB3AFB4F393E120401 /* ContentView.swift in Sources */,
				AE2C4E59A2F6A848808F8249 /* ExampleApp.swift in Sources */,
			);
			runOnlyForDeploymentPostprocessing = 0;
		};
		6C4A06DEA64ACEE83AA2D91B /* Sources */ = {
			isa = PBXSourcesBuildPhase;
			buildActionMask = 2147483647;
			files = (
				5A49B1D4C59BE2C861DAB532 /* Foo.m in Sources */,
			);
			runOnlyForDeploymentPostprocessing = 0;
		};
		7DD05BBF060A6C09A7E3EE11 /* Sources */ = {
			isa = PBXSourcesBuildPhase;
			buildActionMask = 2147483647;
			files = (
				8F3A3C507C4C7B3764C1C6DF /* Answers.m in Sources */,
			);
			runOnlyForDeploymentPostprocessing = 0;
		};
		AB298EF0B6EC715E492E0A39 /* Sources */ = {
			isa = PBXSourcesBuildPhase;
			buildActionMask = 2147483647;
			files = (
				D33E63DEA2F545E4238A1DF8 /* ExampleUITests.swift in Sources */,
				85B5A68B8EC0B82E556702F5 /* ExampleUITestsLaunchTests.swift in Sources */,
			);
			runOnlyForDeploymentPostprocessing = 0;
		};
		EAC8F69FA419D442FF916CFF /* Sources */ = {
			isa = PBXSourcesBuildPhase;
			buildActionMask = 2147483647;
			files = (
				5CD57837C530676B7378BBE7 /* TestingUtils.swift in Sources */,
			);
			runOnlyForDeploymentPostprocessing = 0;
		};
/* End PBXSourcesBuildPhase section */

/* Begin PBXTargetDependency section */
		1468909917912BD7D7544911 /* PBXTargetDependency */ = {
			isa = PBXTargetDependency;
			name = TestingUtils;
			target = 8B1A49AD77FC1690CB9AE556 /* TestingUtils */;
			targetProxy = 7ADFECF50878167CF6071A82 /* PBXContainerItemProxy */;
		};
		21627D3581B6ADD9906D176D /* PBXTargetDependency */ = {
			isa = PBXTargetDependency;
			name = Example;
			target = EAB95A4512529D4CB8BE5D4E /* Example */;
			targetProxy = 3846663A93CA92FEEE314085 /* PBXContainerItemProxy */;
		};
		2C3EF0A78A1C6D3ED61F8B20 /* PBXTargetDependency */ = {
			isa = PBXTargetDependency;
			name = "Bazel Generated Files";
			target = 3064A34776444DE49627998E /* Bazel Build */;
			targetProxy = 9EA5AB932A9708D1A7667DFA /* PBXContainerItemProxy */;
		};
		39159660DA50973079657E41 /* PBXTargetDependency */ = {
			isa = PBXTargetDependency;
			name = "Bazel Generated Files";
			target = 3064A34776444DE49627998E /* Bazel Build */;
			targetProxy = 2221FA2FB6E417367EA947F0 /* PBXContainerItemProxy */;
		};
		50E5474DA5A85C108744AB54 /* PBXTargetDependency */ = {
			isa = PBXTargetDependency;
			name = Utils;
			target = 682FCD8AED9E378997DB28CB /* Utils */;
			targetProxy = 1675381729F1B5E6B84FECCB /* PBXContainerItemProxy */;
		};
		539F59C62800A57200F5FBE2 /* PBXTargetDependency */ = {
			isa = PBXTargetDependency;
			target = 3064A34776444DE49627998E /* Bazel Build */;
			targetProxy = 539F59C52800A57200F5FBE2 /* PBXContainerItemProxy */;
		};
		539F59CC2800A58100F5FBE2 /* PBXTargetDependency */ = {
			isa = PBXTargetDependency;
			target = 3064A34776444DE49627998E /* Bazel Build */;
			targetProxy = 539F59CB2800A58100F5FBE2 /* PBXContainerItemProxy */;
		};
		545A036FD772496B7255F60D /* PBXTargetDependency */ = {
			isa = PBXTargetDependency;
			name = Utils;
			target = 682FCD8AED9E378997DB28CB /* Utils */;
			targetProxy = 300AFE98821F10E2A85D648E /* PBXContainerItemProxy */;
		};
		7E14CF57C8FA9BF9043A9A53 /* PBXTargetDependency */ = {
			isa = PBXTargetDependency;
			name = Utils;
			target = 682FCD8AED9E378997DB28CB /* Utils */;
			targetProxy = E58F4A1E1F92E1E2F5570ED4 /* PBXContainerItemProxy */;
		};
		8090BAEEB7C7D714E55D865C /* PBXTargetDependency */ = {
			isa = PBXTargetDependency;
			name = Example;
			target = EAB95A4512529D4CB8BE5D4E /* Example */;
			targetProxy = 03CF1F99C3E116A66D39DB7B /* PBXContainerItemProxy */;
		};
		AE1DF113574D91C3702AEFDA /* PBXTargetDependency */ = {
			isa = PBXTargetDependency;
			name = "Bazel Generated Files";
			target = 3064A34776444DE49627998E /* Bazel Build */;
			targetProxy = 17EEC780925E742F008C20DE /* PBXContainerItemProxy */;
		};
		B44F3488B8861B13B6BE0333 /* PBXTargetDependency */ = {
			isa = PBXTargetDependency;
			name = CoreUtilsObjC;
			target = F735F4A9CFBBEB3F09580C52 /* CoreUtilsObjC */;
			targetProxy = 707845B675E64A1ADA52B218 /* PBXContainerItemProxy */;
		};
		B83AE2FC96D66AE4CB710137 /* PBXTargetDependency */ = {
			isa = PBXTargetDependency;
			name = TestingUtils;
			target = 8B1A49AD77FC1690CB9AE556 /* TestingUtils */;
			targetProxy = 9C3E0BB14012EE3F0AFD2DD3 /* PBXContainerItemProxy */;
		};
		BA07896B61B9027F0533AC69 /* PBXTargetDependency */ = {
			isa = PBXTargetDependency;
			name = "Bazel Generated Files";
			target = 3064A34776444DE49627998E /* Bazel Build */;
			targetProxy = 05F71069DEEAD35A2A289575 /* PBXContainerItemProxy */;
		};
		C418EED9BCE57CCDB9B6CA97 /* PBXTargetDependency */ = {
			isa = PBXTargetDependency;
			name = "Bazel Generated Files";
			target = 3064A34776444DE49627998E /* Bazel Build */;
			targetProxy = 121C0F1755D40EF9E74DDC51 /* PBXContainerItemProxy */;
		};
		DE2A9C64E8E8EC51BD29FC22 /* PBXTargetDependency */ = {
			isa = PBXTargetDependency;
			name = Example;
			target = EAB95A4512529D4CB8BE5D4E /* Example */;
			targetProxy = 078E6A97773B9731CAA6A183 /* PBXContainerItemProxy */;
		};
/* End PBXTargetDependency section */

/* Begin PBXVariantGroup section */
		145CCA829262D9783A1B847F /* Localizable.strings */ = {
			isa = PBXVariantGroup;
			children = (
				3FC1732AF7F1647C2CCBBCB8 /* en */,
				F3BF0391D88320751FD37784 /* es */,
			);
			name = Localizable.strings;
			sourceTree = "<group>";
		};
/* End PBXVariantGroup section */

/* Begin XCBuildConfiguration section */
		1267D9ED64CBBD206F5562F5 /* Debug */ = {
			isa = XCBuildConfiguration;
			buildSettings = {
				ARCHS = x86_64;
				BAZEL_PACKAGE_BIN_DIR = "bazel-out/ios-x86_64-min15.0-applebin_ios-ios_x86_64-dbg-ST-d3e756bfe7fd/bin/Utils";
				CLANG_CXX_LANGUAGE_STANDARD = "c++0x";
				DEBUG_INFORMATION_FORMAT = dwarf;
				ENABLE_BITCODE = NO;
				FRAMEWORK_SEARCH_PATHS = (
					"$(PROJECT_DIR)/third_party",
					"$(PROJECT_DIR)/bazel-ios_app/external/examples_ios_app_external",
				);
				GCC_PREPROCESSOR_DEFINITIONS = (
					"_FORTIFY_SOURCE=1",
					"__DATE__=\"redacted\"",
					"__TIMESTAMP__=\"redacted\"",
					"__TIME__=\"redacted\"",
				);
				GENERATE_INFOPLIST_FILE = YES;
				HEADER_SEARCH_PATHS = (
					"$(PROJECT_DIR)/CoreUtilsObjC",
					"$(BUILD_DIR)/bazel-out/ios-x86_64-min15.0-applebin_ios-ios_x86_64-dbg-ST-d3e756bfe7fd/bin/CoreUtilsObjC",
				);
				IPHONEOS_DEPLOYMENT_TARGET = 15.0;
				OTHER_CFLAGS = (
					"-fstack-protector",
					"-Wall",
					"-Wthread-safety",
					"-Wself-assign",
					"-fno-omit-frame-pointer",
					"-g",
					"-no-canonical-prefixes",
					"-pthread",
					"-no-canonical-prefixes",
					"-Wno-builtin-macro-redefined",
				);
				OTHER_CPLUSPLUSFLAGS = (
					"-fstack-protector",
					"-Wall",
					"-Wthread-safety",
					"-Wself-assign",
					"-fno-omit-frame-pointer",
					"-g",
					"-no-canonical-prefixes",
					"-pthread",
					"-no-canonical-prefixes",
					"-Wno-builtin-macro-redefined",
				);
				OTHER_LDFLAGS = (
					"-framework",
					Foundation,
					"-weak_framework",
					SwiftUI,
					"-ObjC",
				);
				PRODUCT_MODULE_NAME = Utils;
				PRODUCT_NAME = Utils;
				SDKROOT = iphoneos;
				SUPPORTED_PLATFORMS = iphonesimulator;
				SWIFT_OBJC_INTERFACE_HEADER_NAME = "";
				SWIFT_OPTIMIZATION_LEVEL = "-Onone";
				SWIFT_VERSION = 5;
				TARGET_NAME = Utils;
				USER_HEADER_SEARCH_PATHS = (
					"$(PROJECT_DIR)",
					"$(BUILD_DIR)/bazel-out/ios-x86_64-min15.0-applebin_ios-ios_x86_64-dbg-ST-d3e756bfe7fd/bin",
				);
			};
			name = Debug;
		};
		1CFA568E03BB2DF51CD2716A /* Debug */ = {
			isa = XCBuildConfiguration;
			buildSettings = {
				ARCHS = x86_64;
				BAZEL_PACKAGE_BIN_DIR = "bazel-out/ios-x86_64-min15.0-applebin_ios-ios_x86_64-dbg-ST-d3e756bfe7fd/bin/ExampleUITests";
				CLANG_CXX_LANGUAGE_STANDARD = "c++0x";
				DEBUG_INFORMATION_FORMAT = dwarf;
				ENABLE_BITCODE = NO;
				ENABLE_TESTABILITY = YES;
				ENABLE_TESTING_SEARCH_PATHS = YES;
				GCC_PREPROCESSOR_DEFINITIONS = (
					"_FORTIFY_SOURCE=1",
					"__DATE__=\"redacted\"",
					"__TIMESTAMP__=\"redacted\"",
					"__TIME__=\"redacted\"",
				);
				INFOPLIST_FILE = "$(PROJECT_FILE_PATH)/rules_xcodeproj/gen_dir/applebin_ios-ios_x86_64-dbg-ST-d3e756bfe7fd/bin/ExampleUITests/ExampleUITests.__internal__.__test_bundle-intermediates/Info.xcode.plist";
				IPHONEOS_DEPLOYMENT_TARGET = 15.0;
				OTHER_CFLAGS = (
					"-fstack-protector",
					"-Wall",
					"-Wthread-safety",
					"-Wself-assign",
					"-fno-omit-frame-pointer",
					"-g",
					"-no-canonical-prefixes",
					"-pthread",
					"-no-canonical-prefixes",
					"-Wno-builtin-macro-redefined",
				);
				OTHER_CPLUSPLUSFLAGS = (
					"-fstack-protector",
					"-Wall",
					"-Wthread-safety",
					"-Wself-assign",
					"-fno-omit-frame-pointer",
					"-g",
					"-no-canonical-prefixes",
					"-pthread",
					"-no-canonical-prefixes",
					"-Wno-builtin-macro-redefined",
				);
				OTHER_LDFLAGS = "-ObjC";
				OTHER_SWIFT_FLAGS = "-Xcc -fstack-protector -Xcc -Wall -Xcc -Wthread-safety -Xcc -Wself-assign -Xcc -fno-omit-frame-pointer -Xcc -g -Xcc -no-canonical-prefixes -Xcc -pthread -Xcc -no-canonical-prefixes -Xcc -Wno-builtin-macro-redefined -g";
				PRODUCT_BUNDLE_IDENTIFIER = io.buildbuddy.example.uitests;
				PRODUCT_MODULE_NAME = ExampleUITests;
				PRODUCT_NAME = ExampleUITests;
				SDKROOT = iphoneos;
				SUPPORTED_PLATFORMS = iphonesimulator;
				SWIFT_ACTIVE_COMPILATION_CONDITIONS = DEBUG;
				SWIFT_OBJC_INTERFACE_HEADER_NAME = "";
				SWIFT_OPTIMIZATION_LEVEL = "-Onone";
				SWIFT_VERSION = 5;
				TARGETED_DEVICE_FAMILY = "1,2";
				TARGET_NAME = ExampleUITests.__internal__.__test_bundle;
				TEST_TARGET_NAME = Example;
			};
			name = Debug;
		};
		235020F26966A0B7CA3238B5 /* Debug */ = {
			isa = XCBuildConfiguration;
			buildSettings = {
				ARCHS = x86_64;
				BAZEL_PACKAGE_BIN_DIR = "bazel-out/ios-x86_64-min15.0-applebin_ios-ios_x86_64-dbg-ST-d3e756bfe7fd/bin/ExampleTests";
				BUNDLE_LOADER = "$(TEST_HOST)";
				CLANG_CXX_LANGUAGE_STANDARD = "c++0x";
				DEBUG_INFORMATION_FORMAT = dwarf;
				ENABLE_BITCODE = NO;
				ENABLE_TESTABILITY = YES;
				ENABLE_TESTING_SEARCH_PATHS = YES;
				FRAMEWORK_SEARCH_PATHS = (
					"$(PROJECT_DIR)/third_party",
					"$(PROJECT_DIR)/bazel-ios_app/external/examples_ios_app_external",
				);
				GCC_PREPROCESSOR_DEFINITIONS = (
					"_FORTIFY_SOURCE=1",
					"__DATE__=\"redacted\"",
					"__TIMESTAMP__=\"redacted\"",
					"__TIME__=\"redacted\"",
					AWESOME,
				);
				HEADER_SEARCH_PATHS = (
					"$(PROJECT_DIR)/CoreUtilsObjC",
					"$(BUILD_DIR)/bazel-out/ios-x86_64-min15.0-applebin_ios-ios_x86_64-dbg-ST-d3e756bfe7fd/bin/CoreUtilsObjC",
				);
				INFOPLIST_FILE = "$(PROJECT_FILE_PATH)/rules_xcodeproj/gen_dir/applebin_ios-ios_x86_64-dbg-ST-d3e756bfe7fd/bin/ExampleTests/ExampleTests.__internal__.__test_bundle-intermediates/Info.xcode.plist";
				IPHONEOS_DEPLOYMENT_TARGET = 15.0;
				OTHER_CFLAGS = (
					"-fstack-protector",
					"-Wall",
					"-Wthread-safety",
					"-Wself-assign",
					"-fno-omit-frame-pointer",
					"-g",
					"-no-canonical-prefixes",
					"-pthread",
					"-no-canonical-prefixes",
					"-Wno-builtin-macro-redefined",
				);
				OTHER_CPLUSPLUSFLAGS = (
					"-fstack-protector",
					"-Wall",
					"-Wthread-safety",
					"-Wself-assign",
					"-fno-omit-frame-pointer",
					"-g",
					"-no-canonical-prefixes",
					"-pthread",
					"-no-canonical-prefixes",
					"-Wno-builtin-macro-redefined",
				);
				OTHER_LDFLAGS = (
					"-filelist",
					"$(PROJECT_FILE_PATH)/rules_xcodeproj/targets/ios-x86_64-min15.0-applebin_ios-ios_x86_64-dbg-ST-d3e756bfe7fd/ExampleTests/ExampleTests.__internal__.__test_bundle.LinkFileList,$(BUILD_DIR)",
					"-framework",
					Foundation,
					"-weak_framework",
					SwiftUI,
					"-ObjC",
				);
				OTHER_SWIFT_FLAGS = "-Xcc -fstack-protector -Xcc -Wall -Xcc -Wthread-safety -Xcc -Wself-assign -Xcc -fno-omit-frame-pointer -Xcc -g -Xcc -no-canonical-prefixes -Xcc -pthread -Xcc -no-canonical-prefixes -Xcc -Wno-builtin-macro-redefined -Xcc -fmodule-map-file=$(PROJECT_DIR)/third_party/ExampleFramework.framework/Modules/module.modulemap -Xcc -fmodule-map-file=$(PROJECT_DIR)/bazel-ios_app/external/examples_ios_app_external/ExternalFramework.framework/Modules/module.modulemap -Xcc -fmodule-map-file=$(BUILD_DIR)/bazel-out/ios-x86_64-min15.0-applebin_ios-ios_x86_64-dbg-ST-d3e756bfe7fd/bin/CoreUtilsObjC/CoreUtilsObjC.swift.xcode.modulemap -Xcc -fmodule-map-file=$(BUILD_DIR)/bazel-out/ios-x86_64-min15.0-applebin_ios-ios_x86_64-dbg-ST-d3e756bfe7fd/bin/Utils/Utils.swift.xcode.modulemap -Xcc -fmodule-map-file=$(BUILD_DIR)/bazel-out/ios-x86_64-min15.0-applebin_ios-ios_x86_64-dbg-ST-d3e756bfe7fd/bin/TestingUtils/TestingUtils.swift.xcode.modulemap -g -Fthird_party -Fexternal/examples_ios_app_external";
				PRODUCT_BUNDLE_IDENTIFIER = io.buildbuddy.example.tests;
				PRODUCT_MODULE_NAME = ExampleTests;
				PRODUCT_NAME = ExampleTests;
				SDKROOT = iphoneos;
				SUPPORTED_PLATFORMS = iphonesimulator;
				SWIFT_ACTIVE_COMPILATION_CONDITIONS = "DEBUG AWESOME";
				SWIFT_INCLUDE_PATHS = "$(BUILD_DIR)/bazel-out/ios-x86_64-min15.0-applebin_ios-ios_x86_64-dbg-ST-d3e756bfe7fd/bin/Example $(BUILD_DIR)/bazel-out/ios-x86_64-min15.0-applebin_ios-ios_x86_64-dbg-ST-d3e756bfe7fd/bin/TestingUtils";
				SWIFT_OBJC_INTERFACE_HEADER_NAME = "";
				SWIFT_OPTIMIZATION_LEVEL = "-Onone";
				SWIFT_VERSION = 5;
				TARGETED_DEVICE_FAMILY = "1,2";
				TARGET_BUILD_DIR = "$(BUILD_DIR)/bazel-out/ios-x86_64-min15.0-applebin_ios-ios_x86_64-dbg-ST-d3e756bfe7fd/bin/Example$(TARGET_BUILD_SUBPATH)";
				TARGET_NAME = ExampleTests.__internal__.__test_bundle;
				TEST_HOST = "$(BUILD_DIR)/bazel-out/ios-x86_64-min15.0-applebin_ios-ios_x86_64-dbg-ST-d3e756bfe7fd/bin/Example/Example.app/Example";
				USER_HEADER_SEARCH_PATHS = (
					"$(PROJECT_DIR)",
					"$(BUILD_DIR)/bazel-out/ios-x86_64-min15.0-applebin_ios-ios_x86_64-dbg-ST-d3e756bfe7fd/bin",
				);
			};
			name = Debug;
		};
		6494BAE58154BF84E3AF60D9 /* Debug */ = {
			isa = XCBuildConfiguration;
			buildSettings = {
				ARCHS = x86_64;
				BAZEL_PACKAGE_BIN_DIR = "bazel-out/ios-x86_64-min15.0-applebin_ios-ios_x86_64-dbg-ST-d3e756bfe7fd/bin/TestingUtils";
				CLANG_CXX_LANGUAGE_STANDARD = "c++0x";
				DEBUG_INFORMATION_FORMAT = dwarf;
				ENABLE_BITCODE = NO;
				ENABLE_TESTABILITY = YES;
				ENABLE_TESTING_SEARCH_PATHS = YES;
				GCC_PREPROCESSOR_DEFINITIONS = (
					"_FORTIFY_SOURCE=1",
					"__DATE__=\"redacted\"",
					"__TIMESTAMP__=\"redacted\"",
					"__TIME__=\"redacted\"",
					AWESOME,
				);
				GENERATE_INFOPLIST_FILE = YES;
				IPHONEOS_DEPLOYMENT_TARGET = 15.0;
				OTHER_CFLAGS = (
					"-fstack-protector",
					"-Wall",
					"-Wthread-safety",
					"-Wself-assign",
					"-fno-omit-frame-pointer",
					"-g",
					"-no-canonical-prefixes",
					"-pthread",
					"-no-canonical-prefixes",
					"-Wno-builtin-macro-redefined",
				);
				OTHER_CPLUSPLUSFLAGS = (
					"-fstack-protector",
					"-Wall",
					"-Wthread-safety",
					"-Wself-assign",
					"-fno-omit-frame-pointer",
					"-g",
					"-no-canonical-prefixes",
					"-pthread",
					"-no-canonical-prefixes",
					"-Wno-builtin-macro-redefined",
				);
				OTHER_LDFLAGS = "-ObjC";
				OTHER_SWIFT_FLAGS = "-Xcc -fstack-protector -Xcc -Wall -Xcc -Wthread-safety -Xcc -Wself-assign -Xcc -fno-omit-frame-pointer -Xcc -g -Xcc -no-canonical-prefixes -Xcc -pthread -Xcc -no-canonical-prefixes -Xcc -Wno-builtin-macro-redefined -g";
				PRODUCT_MODULE_NAME = TestingUtils;
				PRODUCT_NAME = TestingUtils;
				SDKROOT = iphoneos;
				SUPPORTED_PLATFORMS = iphonesimulator;
				SWIFT_ACTIVE_COMPILATION_CONDITIONS = "DEBUG AWESOME";
				SWIFT_OBJC_INTERFACE_HEADER_NAME = "SwiftAPI/TestingUtils-Swift.h";
				SWIFT_OPTIMIZATION_LEVEL = "-Onone";
				SWIFT_VERSION = 5;
				TARGET_NAME = TestingUtils;
				USER_HEADER_SEARCH_PATHS = (
					"$(PROJECT_DIR)",
					"$(BUILD_DIR)/bazel-out/ios-x86_64-min15.0-applebin_ios-ios_x86_64-dbg-ST-d3e756bfe7fd/bin",
				);
			};
			name = Debug;
		};
		7C935235ACC6252AE6F5B6FF /* Debug */ = {
			isa = XCBuildConfiguration;
			buildSettings = {
				ALWAYS_SEARCH_USER_PATHS = NO;
				BAZEL_PATH = bazel;
				CC = "$(PROJECT_FILE_PATH)/rules_xcodeproj/cc_stub.py";
				CLANG_ENABLE_OBJC_ARC = YES;
				CLANG_MODULES_AUTOLINK = NO;
				CODE_SIGNING_ALLOWED = NO;
				CONFIGURATION_BUILD_DIR = "$(BUILD_DIR)/$(BAZEL_PACKAGE_BIN_DIR)";
				COPY_PHASE_STRIP = NO;
				CURRENT_PROJECT_VERSION = 1;
				DONT_GENERATE_INFOPLIST_FILE = YES;
				INDEX_FORCE_SCRIPT_EXECUTION = YES;
				LD = "$(PROJECT_FILE_PATH)/rules_xcodeproj/ld-stub.sh";
				LIBTOOL = "$(PROJECT_FILE_PATH)/rules_xcodeproj/libtool-stub.sh";
				ONLY_ACTIVE_ARCH = YES;
				SWIFT_EXEC = "$(PROJECT_FILE_PATH)/rules_xcodeproj/swiftc_stub.py";
				TARGET_TEMP_DIR = "$(PROJECT_TEMP_DIR)/$(BAZEL_PACKAGE_BIN_DIR)/$(TARGET_NAME)";
				USE_HEADERMAP = NO;
				VALIDATE_WORKSPACE = NO;
			};
			name = Debug;
		};
		7D7C78D062F6007B9E780DAE /* Debug */ = {
			isa = XCBuildConfiguration;
			buildSettings = {
				ARCHS = x86_64;
				BAZEL_PACKAGE_BIN_DIR = "bazel-out/ios-x86_64-min15.0-applebin_ios-ios_x86_64-dbg-ST-d3e756bfe7fd/bin/CoreUtilsObjC";
				CLANG_CXX_LANGUAGE_STANDARD = "c++0x";
				DEBUG_INFORMATION_FORMAT = dwarf;
				ENABLE_BITCODE = NO;
				FRAMEWORK_SEARCH_PATHS = (
					"$(PROJECT_DIR)/third_party",
					"$(PROJECT_DIR)/bazel-ios_app/external/examples_ios_app_external",
				);
				GCC_PREFIX_HEADER = "$(PROJECT_DIR)/CoreUtilsObjC/CoreUtils/CoreUtils.pch";
				GCC_PREPROCESSOR_DEFINITIONS = (
					"_FORTIFY_SOURCE=1",
					"__DATE__=\"redacted\"",
					"__TIMESTAMP__=\"redacted\"",
					"__TIME__=\"redacted\"",
				);
				GENERATE_INFOPLIST_FILE = YES;
				HEADER_SEARCH_PATHS = (
					"$(PROJECT_DIR)/CoreUtilsObjC",
					"$(BUILD_DIR)/bazel-out/ios-x86_64-min15.0-applebin_ios-ios_x86_64-dbg-ST-d3e756bfe7fd/bin/CoreUtilsObjC",
				);
				IPHONEOS_DEPLOYMENT_TARGET = 15.0;
				OTHER_CFLAGS = (
					"-fstack-protector",
					"-Wall",
					"-Wthread-safety",
					"-Wself-assign",
					"-fno-omit-frame-pointer",
					"-g",
					"-no-canonical-prefixes",
					"-pthread",
					"-no-canonical-prefixes",
					"-Wno-builtin-macro-redefined",
				);
				OTHER_CPLUSPLUSFLAGS = (
					"-fstack-protector",
					"-Wall",
					"-Wthread-safety",
					"-Wself-assign",
					"-fno-omit-frame-pointer",
					"-g",
					"-no-canonical-prefixes",
					"-pthread",
					"-no-canonical-prefixes",
					"-Wno-builtin-macro-redefined",
				);
				OTHER_LDFLAGS = (
					"-framework",
					Foundation,
					"-weak_framework",
					SwiftUI,
					"-ObjC",
				);
				PRODUCT_MODULE_NAME = CoreUtils;
				PRODUCT_NAME = CoreUtilsObjC;
				SDKROOT = iphoneos;
				SUPPORTED_PLATFORMS = iphonesimulator;
				SWIFT_OBJC_INTERFACE_HEADER_NAME = "";
				SWIFT_OPTIMIZATION_LEVEL = "-Onone";
				SWIFT_VERSION = 5;
				TARGET_NAME = CoreUtilsObjC;
				USER_HEADER_SEARCH_PATHS = (
					"$(PROJECT_DIR)",
					"$(BUILD_DIR)/bazel-out/ios-x86_64-min15.0-applebin_ios-ios_x86_64-dbg-ST-d3e756bfe7fd/bin",
				);
			};
			name = Debug;
		};
		ACE65DF71AEBC3D1DAF7EF52 /* Debug */ = {
			isa = XCBuildConfiguration;
			buildSettings = {
				ALLOW_TARGET_PLATFORM_SPECIALIZATION = YES;
				BAZEL_PACKAGE_BIN_DIR = rules_xcodeproj;
				INDEX_FORCE_SCRIPT_EXECUTION = YES;
				SUPPORTED_PLATFORMS = "watchsimulator watchos macosx iphonesimulator iphoneos driverkit appletvsimulator appletvos";
				SUPPORTS_MACCATALYST = YES;
				TARGET_NAME = BazelBuild;
			};
			name = Debug;
		};
		EC20EA8CCDB6CBDE2D648F14 /* Debug */ = {
			isa = XCBuildConfiguration;
			buildSettings = {
				ARCHS = x86_64;
				BAZEL_PACKAGE_BIN_DIR = "bazel-out/ios-x86_64-min15.0-applebin_ios-ios_x86_64-dbg-ST-d3e756bfe7fd/bin/Example";
				CLANG_CXX_LANGUAGE_STANDARD = "c++0x";
				DEBUG_INFORMATION_FORMAT = dwarf;
				ENABLE_BITCODE = NO;
				ENABLE_TESTABILITY = YES;
				FRAMEWORK_SEARCH_PATHS = (
					"$(PROJECT_DIR)/third_party",
					"$(PROJECT_DIR)/bazel-ios_app/external/examples_ios_app_external",
				);
				GCC_PREPROCESSOR_DEFINITIONS = (
					"_FORTIFY_SOURCE=1",
					"__DATE__=\"redacted\"",
					"__TIMESTAMP__=\"redacted\"",
					"__TIME__=\"redacted\"",
				);
				HEADER_SEARCH_PATHS = (
					"$(PROJECT_DIR)/CoreUtilsObjC",
					"$(BUILD_DIR)/bazel-out/ios-x86_64-min15.0-applebin_ios-ios_x86_64-dbg-ST-d3e756bfe7fd/bin/CoreUtilsObjC",
				);
				INFOPLIST_FILE = "$(PROJECT_FILE_PATH)/rules_xcodeproj/gen_dir/applebin_ios-ios_x86_64-dbg-ST-d3e756bfe7fd/bin/Example/Example-intermediates/Info.xcode.plist";
				IPHONEOS_DEPLOYMENT_TARGET = 15.0;
				LD_RUNPATH_SEARCH_PATHS = (
					"$(inherited)",
					"@executable_path/Frameworks",
				);
				OTHER_CFLAGS = (
					"-fstack-protector",
					"-Wall",
					"-Wthread-safety",
					"-Wself-assign",
					"-fno-omit-frame-pointer",
					"-g",
					"-no-canonical-prefixes",
					"-pthread",
					"-no-canonical-prefixes",
					"-Wno-builtin-macro-redefined",
				);
				OTHER_CPLUSPLUSFLAGS = (
					"-fstack-protector",
					"-Wall",
					"-Wthread-safety",
					"-Wself-assign",
					"-fno-omit-frame-pointer",
					"-g",
					"-no-canonical-prefixes",
					"-pthread",
					"-no-canonical-prefixes",
					"-Wno-builtin-macro-redefined",
				);
				OTHER_LDFLAGS = (
					"-filelist",
					"$(PROJECT_FILE_PATH)/rules_xcodeproj/targets/ios-x86_64-min15.0-applebin_ios-ios_x86_64-dbg-ST-d3e756bfe7fd/Example/Example.LinkFileList,$(BUILD_DIR)",
					"-framework",
					Foundation,
					"-weak_framework",
					SwiftUI,
					"-ObjC",
				);
				OTHER_SWIFT_FLAGS = "-Xcc -fstack-protector -Xcc -Wall -Xcc -Wthread-safety -Xcc -Wself-assign -Xcc -fno-omit-frame-pointer -Xcc -g -Xcc -no-canonical-prefixes -Xcc -pthread -Xcc -no-canonical-prefixes -Xcc -Wno-builtin-macro-redefined -Xcc -fmodule-map-file=$(PROJECT_DIR)/third_party/ExampleFramework.framework/Modules/module.modulemap -Xcc -fmodule-map-file=$(PROJECT_DIR)/bazel-ios_app/external/examples_ios_app_external/ExternalFramework.framework/Modules/module.modulemap -Xcc -fmodule-map-file=$(BUILD_DIR)/bazel-out/ios-x86_64-min15.0-applebin_ios-ios_x86_64-dbg-ST-d3e756bfe7fd/bin/CoreUtilsObjC/CoreUtilsObjC.swift.xcode.modulemap -Xcc -fmodule-map-file=$(BUILD_DIR)/bazel-out/ios-x86_64-min15.0-applebin_ios-ios_x86_64-dbg-ST-d3e756bfe7fd/bin/Utils/Utils.swift.xcode.modulemap -g -Fthird_party -Fexternal/examples_ios_app_external";
				PRODUCT_BUNDLE_IDENTIFIER = io.buildbuddy.example;
				PRODUCT_MODULE_NAME = Example;
				PRODUCT_NAME = Example;
				SDKROOT = iphoneos;
				SUPPORTED_PLATFORMS = iphonesimulator;
				SWIFT_ACTIVE_COMPILATION_CONDITIONS = DEBUG;
				SWIFT_OBJC_INTERFACE_HEADER_NAME = "";
				SWIFT_OPTIMIZATION_LEVEL = "-Onone";
				SWIFT_VERSION = 5;
				TARGETED_DEVICE_FAMILY = 1;
				TARGET_NAME = Example;
				USER_HEADER_SEARCH_PATHS = (
					"$(PROJECT_DIR)",
					"$(BUILD_DIR)/bazel-out/ios-x86_64-min15.0-applebin_ios-ios_x86_64-dbg-ST-d3e756bfe7fd/bin",
				);
			};
			name = Debug;
		};
		F931461AE81D957AD667BC9E /* Debug */ = {
			isa = XCBuildConfiguration;
			buildSettings = {
				ARCHS = x86_64;
				BAZEL_PACKAGE_BIN_DIR = "bazel-out/ios-x86_64-min15.0-applebin_ios-ios_x86_64-dbg-ST-d3e756bfe7fd/bin/ExampleObjcTests";
				BUNDLE_LOADER = "$(TEST_HOST)";
				CLANG_CXX_LANGUAGE_STANDARD = "c++0x";
				CLANG_ENABLE_MODULES = YES;
				DEBUG_INFORMATION_FORMAT = dwarf;
				ENABLE_BITCODE = NO;
				ENABLE_TESTING_SEARCH_PATHS = YES;
				FRAMEWORK_SEARCH_PATHS = (
					"$(PROJECT_DIR)/third_party",
					"$(PROJECT_DIR)/bazel-ios_app/external/examples_ios_app_external",
				);
				GCC_PREPROCESSOR_DEFINITIONS = (
					"_FORTIFY_SOURCE=1",
					"__DATE__=\"redacted\"",
					"__TIMESTAMP__=\"redacted\"",
					"__TIME__=\"redacted\"",
					AWESOME,
				);
				HEADER_SEARCH_PATHS = (
					"$(PROJECT_DIR)/CoreUtilsObjC",
					"$(BUILD_DIR)/bazel-out/ios-x86_64-min15.0-applebin_ios-ios_x86_64-dbg-ST-d3e756bfe7fd/bin/CoreUtilsObjC",
				);
				INFOPLIST_FILE = "$(PROJECT_FILE_PATH)/rules_xcodeproj/gen_dir/applebin_ios-ios_x86_64-dbg-ST-d3e756bfe7fd/bin/ExampleObjcTests/ExampleObjcTests.__internal__.__test_bundle-intermediates/Info.xcode.plist";
				IPHONEOS_DEPLOYMENT_TARGET = 15.0;
				OTHER_CFLAGS = (
					"-fstack-protector",
					"-Wall",
					"-Wthread-safety",
					"-Wself-assign",
					"-fno-omit-frame-pointer",
					"-g",
					"-no-canonical-prefixes",
					"-pthread",
					"-no-canonical-prefixes",
					"-Wno-builtin-macro-redefined",
				);
				OTHER_CPLUSPLUSFLAGS = (
					"-fstack-protector",
					"-Wall",
					"-Wthread-safety",
					"-Wself-assign",
					"-fno-omit-frame-pointer",
					"-g",
					"-no-canonical-prefixes",
					"-pthread",
					"-no-canonical-prefixes",
					"-Wno-builtin-macro-redefined",
				);
				OTHER_LDFLAGS = (
					"-L$(TOOLCHAIN_DIR)/usr/lib/swift/$(TARGET_DEVICE_PLATFORM_NAME)",
					"-L/usr/lib/swift",
					"-filelist",
					"$(PROJECT_FILE_PATH)/rules_xcodeproj/targets/ios-x86_64-min15.0-applebin_ios-ios_x86_64-dbg-ST-d3e756bfe7fd/ExampleObjcTests/ExampleObjcTests.__internal__.__test_bundle.LinkFileList,$(BUILD_DIR)",
					"-framework",
					Foundation,
					"-weak_framework",
					SwiftUI,
					"-ObjC",
				);
				PRODUCT_BUNDLE_IDENTIFIER = io.buildbuddy.example.objctests;
				PRODUCT_MODULE_NAME = ExampleObjcTests;
				PRODUCT_NAME = ExampleObjcTests;
				SDKROOT = iphoneos;
				SUPPORTED_PLATFORMS = iphonesimulator;
				SWIFT_OBJC_INTERFACE_HEADER_NAME = "";
				SWIFT_OPTIMIZATION_LEVEL = "-Onone";
				SWIFT_VERSION = 5;
				TARGETED_DEVICE_FAMILY = "1,2";
				TARGET_BUILD_DIR = "$(BUILD_DIR)/bazel-out/ios-x86_64-min15.0-applebin_ios-ios_x86_64-dbg-ST-d3e756bfe7fd/bin/Example$(TARGET_BUILD_SUBPATH)";
				TARGET_NAME = ExampleObjcTests.__internal__.__test_bundle;
				TEST_HOST = "$(BUILD_DIR)/bazel-out/ios-x86_64-min15.0-applebin_ios-ios_x86_64-dbg-ST-d3e756bfe7fd/bin/Example/Example.app/Example";
				USER_HEADER_SEARCH_PATHS = (
					"$(PROJECT_DIR)",
					"$(BUILD_DIR)/bazel-out/ios-x86_64-min15.0-applebin_ios-ios_x86_64-dbg-ST-d3e756bfe7fd/bin",
				);
			};
			name = Debug;
		};
/* End XCBuildConfiguration section */

/* Begin XCConfigurationList section */
		12A6E39AFF20277EB2E837E3 /* Build configuration list for PBXNativeTarget "Utils" */ = {
			isa = XCConfigurationList;
			buildConfigurations = (
				1267D9ED64CBBD206F5562F5 /* Debug */,
			);
			defaultConfigurationIsVisible = 0;
			defaultConfigurationName = Debug;
		};
		19C1A3DAF723B9973DBE381B /* Build configuration list for PBXNativeTarget "Example" */ = {
			isa = XCConfigurationList;
			buildConfigurations = (
				EC20EA8CCDB6CBDE2D648F14 /* Debug */,
			);
			defaultConfigurationIsVisible = 0;
			defaultConfigurationName = Debug;
		};
		3EEAAC6A475B8EE72405BCF3 /* Build configuration list for PBXNativeTarget "TestingUtils" */ = {
			isa = XCConfigurationList;
			buildConfigurations = (
				6494BAE58154BF84E3AF60D9 /* Debug */,
			);
			defaultConfigurationIsVisible = 0;
			defaultConfigurationName = Debug;
		};
		80BD425FBB172AF87565539B /* Build configuration list for PBXProject "project" */ = {
			isa = XCConfigurationList;
			buildConfigurations = (
				7C935235ACC6252AE6F5B6FF /* Debug */,
			);
			defaultConfigurationIsVisible = 0;
			defaultConfigurationName = Debug;
		};
		8E5F721E3B8848F625065067 /* Build configuration list for PBXNativeTarget "ExampleUITests.__internal__.__test_bundle" */ = {
			isa = XCConfigurationList;
			buildConfigurations = (
				1CFA568E03BB2DF51CD2716A /* Debug */,
			);
			defaultConfigurationIsVisible = 0;
			defaultConfigurationName = Debug;
		};
		92669A1088E270A9002A90A6 /* Build configuration list for PBXNativeTarget "CoreUtilsObjC" */ = {
			isa = XCConfigurationList;
			buildConfigurations = (
				7D7C78D062F6007B9E780DAE /* Debug */,
			);
			defaultConfigurationIsVisible = 0;
			defaultConfigurationName = Debug;
		};
		9EA7153333762DEA3558208C /* Build configuration list for PBXAggregateTarget "Bazel Build" */ = {
			isa = XCConfigurationList;
			buildConfigurations = (
				ACE65DF71AEBC3D1DAF7EF52 /* Debug */,
			);
			defaultConfigurationIsVisible = 0;
			defaultConfigurationName = Debug;
		};
		AC225E2F7B139CBF04D43ED2 /* Build configuration list for PBXNativeTarget "ExampleTests.__internal__.__test_bundle" */ = {
			isa = XCConfigurationList;
			buildConfigurations = (
				235020F26966A0B7CA3238B5 /* Debug */,
			);
			defaultConfigurationIsVisible = 0;
			defaultConfigurationName = Debug;
		};
		DE32CA7AA6309AA3A570F94A /* Build configuration list for PBXNativeTarget "ExampleObjcTests.__internal__.__test_bundle" */ = {
			isa = XCConfigurationList;
			buildConfigurations = (
				F931461AE81D957AD667BC9E /* Debug */,
			);
			defaultConfigurationIsVisible = 0;
			defaultConfigurationName = Debug;
		};
/* End XCConfigurationList section */
	};
	rootObject = 90B40B411875CA87718F15D6 /* Project object */;
}
